{
  "name": "observecontext-dashboard",
  "version": "1.0.0",
  "lockfileVersion": 3,
  "requires": true,
  "packages": {
    "": {
      "name": "observecontext-dashboard",
      "dependencies": {
        "pocketbase": "0.28.1"
      }
    },
    "node_modules/pocketbase": {
      "version": "0.28.1",
      "resolved": "https://registry.npmjs.org/pocketbase/-/pocketbase-0.28.1.tgz",
      "integrity": "sha512-/3ihkq+rvfcs0MQgrK4sEElOg6gfenHW9S/O+3BSO+V1yT+4B10+9aT22uTQUPqze9ItwNtwWyY5ZmdgVCTdVA==",
      "license": "MIT"
    }
  }
}
